
Microsoft Visual Studio Solution File, Format Version 12.00
# Visual Studio Version 17
VisualStudioVersion = 17.7.34009.444
MinimumVisualStudioVersion = 10.0.40219.1
Project("{FAE04EC0-301F-11D3-BF4B-00C04F79EFBC}") = "App9.Android", "App9\App9.Android\App9.Android.csproj", "{A2952A1E-99E8-43B1-8D39-9C25040A1822}"
EndProject
Project("{FAE04EC0-301F-11D3-BF4B-00C04F79EFBC}") = "App9", "App9\App9\App9.csproj", "{83DA8E09-8CA3-4E7D-A12E-C413340BF5E9}"
EndProject
Global
	GlobalSection(SolutionConfigurationPlatforms) = preSolution
		Debug|Any CPU = Debug|Any CPU
		Release|Any CPU = Release|Any CPU
	EndGlobalSection
	GlobalSection(ProjectConfigurationPlatforms) = postSolution
		{A2952A1E-99E8-43B1-8D39-9C25040A1822}.Debug|Any CPU.ActiveCfg = Debug|Any CPU
		{A2952A1E-99E8-43B1-8D39-9C25040A1822}.Debug|Any CPU.Build.0 = Debug|Any CPU
		{A2952A1E-99E8-43B1-8D39-9C25040A1822}.Debug|Any CPU.Deploy.0 = Debug|Any CPU
		{A2952A1E-99E8-43B1-8D39-9C25040A1822}.Release|Any CPU.ActiveCfg = Release|Any CPU
		{A2952A1E-99E8-43B1-8D39-9C25040A1822}.Release|Any CPU.Build.0 = Release|Any CPU
		{A2952A1E-99E8-43B1-8D39-9C25040A1822}.Release|Any CPU.Deploy.0 = Release|Any CPU
		{83DA8E09-8CA3-4E7D-A12E-C413340BF5E9}.Debug|Any CPU.ActiveCfg = Debug|Any CPU
		{83DA8E09-8CA3-4E7D-A12E-C413340BF5E9}.Debug|Any CPU.Build.0 = Debug|Any CPU
		{83DA8E09-8CA3-4E7D-A12E-C413340BF5E9}.Debug|Any CPU.Deploy.0 = Debug|Any CPU
		{83DA8E09-8CA3-4E7D-A12E-C413340BF5E9}.Release|Any CPU.ActiveCfg = Release|Any CPU
		{83DA8E09-8CA3-4E7D-A12E-C413340BF5E9}.Release|Any CPU.Build.0 = Release|Any CPU
		{83DA8E09-8CA3-4E7D-A12E-C413340BF5E9}.Release|Any CPU.Deploy.0 = Release|Any CPU
	EndGlobalSection
	GlobalSection(SolutionProperties) = preSolution
		HideSolutionNode = FALSE
	EndGlobalSection
	GlobalSection(ExtensibilityGlobals) = postSolution
		SolutionGuid = {A220CAF6-62BD-4144-B6B1-3FD1B64F3175}
	EndGlobalSection
EndGlobal
